
Microsoft Visual Studio Solution File, Format Version 12.00
# Visual Studio 15
VisualStudioVersion = 15.0.28307.902
MinimumVisualStudioVersion = 10.0.40219.1
Project("{FAE04EC0-301F-11D3-BF4B-00C04F79EFBC}") = "TTTHttpClient", "TTTHttpClient\TTTHttpClient.csproj", "{D7A9691C-3988-47A2-892D-920A0882AADF}"
EndProject
Project("{FAE04EC0-301F-11D3-BF4B-00C04F79EFBC}") = "TTTHttpClientTests", "TTTHttpClientTests\TTTHttpClientTests.csproj", "{6FFE50A3-8EA6-487C-9D79-CF07389C89C9}"
EndProject
Project("{FAE04EC0-301F-11D3-BF4B-00C04F79EFBC}") = "TTTCommunication", "TTTCommunication\TTTCommunication.csproj", "{3B32F165-5DC9-41B8-B332-4E10957C6C6B}"
EndProject
Project("{FAE04EC0-301F-11D3-BF4B-00C04F79EFBC}") = "TTTCommunicationTests", "TTTCommunicationTests\TTTCommunicationTests.csproj", "{86BBDBBE-1377-40AE-AE0C-9646EF0C955D}"
EndProject
Project("{FAE04EC0-301F-11D3-BF4B-00C04F79EFBC}") = "TTTBroadcastTestClient", "TTTBroadcastTestClient\TTTBroadcastTestClient.csproj", "{D43C7E30-14FB-4691-AE1B-606B3F32CEA5}"
EndProject
Project("{FAE04EC0-301F-11D3-BF4B-00C04F79EFBC}") = "TTTApp", "TTTApp\TTTApp.csproj", "{781FB96B-F27F-4DF3-B083-BEC8058A1E15}"
EndProject
Project("{54435603-DBB4-11D2-8724-00A0C9A8B90C}") = "TTTAxisForestry", "TTTAxisForestry\TTTAxisForestry.vdproj", "{0EF2485F-2D6C-4346-98DB-B71AF2722AE0}"
EndProject
Global
	GlobalSection(SolutionConfigurationPlatforms) = preSolution
		Debug|Any CPU = Debug|Any CPU
		Release|Any CPU = Release|Any CPU
	EndGlobalSection
	GlobalSection(ProjectConfigurationPlatforms) = postSolution
		{D7A9691C-3988-47A2-892D-920A0882AADF}.Debug|Any CPU.ActiveCfg = Debug|Any CPU
		{D7A9691C-3988-47A2-892D-920A0882AADF}.Debug|Any CPU.Build.0 = Debug|Any CPU
		{D7A9691C-3988-47A2-892D-920A0882AADF}.Release|Any CPU.ActiveCfg = Release|Any CPU
		{D7A9691C-3988-47A2-892D-920A0882AADF}.Release|Any CPU.Build.0 = Release|Any CPU
		{6FFE50A3-8EA6-487C-9D79-CF07389C89C9}.Debug|Any CPU.ActiveCfg = Debug|Any CPU
		{6FFE50A3-8EA6-487C-9D79-CF07389C89C9}.Debug|Any CPU.Build.0 = Debug|Any CPU
		{6FFE50A3-8EA6-487C-9D79-CF07389C89C9}.Release|Any CPU.ActiveCfg = Release|Any CPU
		{6FFE50A3-8EA6-487C-9D79-CF07389C89C9}.Release|Any CPU.Build.0 = Release|Any CPU
		{3B32F165-5DC9-41B8-B332-4E10957C6C6B}.Debug|Any CPU.ActiveCfg = Debug|Any CPU
		{3B32F165-5DC9-41B8-B332-4E10957C6C6B}.Debug|Any CPU.Build.0 = Debug|Any CPU
		{3B32F165-5DC9-41B8-B332-4E10957C6C6B}.Release|Any CPU.ActiveCfg = Release|Any CPU
		{3B32F165-5DC9-41B8-B332-4E10957C6C6B}.Release|Any CPU.Build.0 = Release|Any CPU
		{86BBDBBE-1377-40AE-AE0C-9646EF0C955D}.Debug|Any CPU.ActiveCfg = Debug|Any CPU
		{86BBDBBE-1377-40AE-AE0C-9646EF0C955D}.Debug|Any CPU.Build.0 = Debug|Any CPU
		{86BBDBBE-1377-40AE-AE0C-9646EF0C955D}.Release|Any CPU.ActiveCfg = Release|Any CPU
		{86BBDBBE-1377-40AE-AE0C-9646EF0C955D}.Release|Any CPU.Build.0 = Release|Any CPU
		{D43C7E30-14FB-4691-AE1B-606B3F32CEA5}.Debug|Any CPU.ActiveCfg = Debug|Any CPU
		{D43C7E30-14FB-4691-AE1B-606B3F32CEA5}.Debug|Any CPU.Build.0 = Debug|Any CPU
		{D43C7E30-14FB-4691-AE1B-606B3F32CEA5}.Release|Any CPU.ActiveCfg = Release|Any CPU
		{D43C7E30-14FB-4691-AE1B-606B3F32CEA5}.Release|Any CPU.Build.0 = Release|Any CPU
		{781FB96B-F27F-4DF3-B083-BEC8058A1E15}.Debug|Any CPU.ActiveCfg = Debug|Any CPU
		{781FB96B-F27F-4DF3-B083-BEC8058A1E15}.Debug|Any CPU.Build.0 = Debug|Any CPU
		{781FB96B-F27F-4DF3-B083-BEC8058A1E15}.Release|Any CPU.ActiveCfg = Release|Any CPU
		{781FB96B-F27F-4DF3-B083-BEC8058A1E15}.Release|Any CPU.Build.0 = Release|Any CPU
		{0EF2485F-2D6C-4346-98DB-B71AF2722AE0}.Debug|Any CPU.ActiveCfg = Debug
		{0EF2485F-2D6C-4346-98DB-B71AF2722AE0}.Debug|Any CPU.Build.0 = Debug
		{0EF2485F-2D6C-4346-98DB-B71AF2722AE0}.Release|Any CPU.ActiveCfg = Release
		{0EF2485F-2D6C-4346-98DB-B71AF2722AE0}.Release|Any CPU.Build.0 = Release
	EndGlobalSection
	GlobalSection(SolutionProperties) = preSolution
		HideSolutionNode = FALSE
	EndGlobalSection
	GlobalSection(ExtensibilityGlobals) = postSolution
		SolutionGuid = {E2D455E1-3A05-40C7-BBE3-47743C23C33F}
	EndGlobalSection
EndGlobal
